// !$*UTF8*$!
{
	archiveVersion = 1;
	classes = {
	};
	objectVersion = 55;
	objects = {

/* Begin PBXBuildFile section */
		C2805A8C2717500300FA8F38 /* DashyApp.swift in Sources */ = {isa = PBXBuildFile; fileRef = C2805A8B2717500300FA8F38 /* DashyApp.swift */; };
		C2805A8E2717500300FA8F38 /* ContentView.swift in Sources */ = {isa = PBXBuildFile; fileRef = C2805A8D2717500300FA8F38 /* ContentView.swift */; };
		C2805A902717500400FA8F38 /* Assets.xcassets in Resources */ = {isa = PBXBuildFile; fileRef = C2805A8F2717500400FA8F38 /* Assets.xcassets */; };
		C2805A932717500400FA8F38 /* Preview Assets.xcassets in Resources */ = {isa = PBXBuildFile; fileRef = C2805A922717500400FA8F38 /* Preview Assets.xcassets */; };
		C2805A9E2717503200FA8F38 /* NewsModel.swift in Sources */ = {isa = PBXBuildFile; fileRef = C2805A9D2717503200FA8F38 /* NewsModel.swift */; };
		C2805AA02717503A00FA8F38 /* WeatherModel.swift in Sources */ = {isa = PBXBuildFile; fileRef = C2805A9F2717503A00FA8F38 /* WeatherModel.swift */; };
		C2805AA22717509800FA8F38 /* StocksModel.swift in Sources */ = {isa = PBXBuildFile; fileRef = C2805AA12717509800FA8F38 /* StocksModel.swift */; };
		C2805AA4271751A600FA8F38 /* WeatherView.swift in Sources */ = {isa = PBXBuildFile; fileRef = C2805AA3271751A600FA8F38 /* WeatherView.swift */; };
		C2805AA6271751AE00FA8F38 /* StocksView.swift in Sources */ = {isa = PBXBuildFile; fileRef = C2805AA5271751AE00FA8F38 /* StocksView.swift */; };
		C2805AA8271751BA00FA8F38 /* NewsView.swift in Sources */ = {isa = PBXBuildFile; fileRef = C2805AA7271751BA00FA8F38 /* NewsView.swift */; };
		C2805AAF271754E000FA8F38 /* Formatter.swift in Sources */ = {isa = PBXBuildFile; fileRef = C2805AAE271754E000FA8F38 /* Formatter.swift */; };
		C2805AB32717586900FA8F38 /* ArticleView.swift in Sources */ = {isa = PBXBuildFile; fileRef = C2805AB22717586900FA8F38 /* ArticleView.swift */; };
		C2805AB92717599E00FA8F38 /* SDWebImageSwiftUI in Frameworks */ = {isa = PBXBuildFile; productRef = C2805AB82717599E00FA8F38 /* SDWebImageSwiftUI */; };
		C2805ABB27175A0600FA8F38 /* AsyncImage.swift in Sources */ = {isa = PBXBuildFile; fileRef = C2805ABA27175A0600FA8F38 /* AsyncImage.swift */; };
		C2805ABD2717605200FA8F38 /* ForecastView.swift in Sources */ = {isa = PBXBuildFile; fileRef = C2805ABC2717605200FA8F38 /* ForecastView.swift */; };
		C2805ABF27176EAA00FA8F38 /* SingleStockView.swift in Sources */ = {isa = PBXBuildFile; fileRef = C2805ABE27176EAA00FA8F38 /* SingleStockView.swift */; };
		C2805AC127177D7C00FA8F38 /* NewsViewModel.swift in Sources */ = {isa = PBXBuildFile; fileRef = C2805AC027177D7C00FA8F38 /* NewsViewModel.swift */; };
		C2805AC327177FF900FA8F38 /* WeatherViewModel.swift in Sources */ = {isa = PBXBuildFile; fileRef = C2805AC227177FF900FA8F38 /* WeatherViewModel.swift */; };
		C2805AC52717815B00FA8F38 /* StocksViewModel.swift in Sources */ = {isa = PBXBuildFile; fileRef = C2805AC42717815B00FA8F38 /* StocksViewModel.swift */; };
/* End PBXBuildFile section */

/* Begin PBXFileReference section */
		C2805A882717500300FA8F38 /* Dashy.app */ = {isa = PBXFileReference; explicitFileType = wrapper.application; includeInIndex = 0; path = Dashy.app; sourceTree = BUILT_PRODUCTS_DIR; };
		C2805A8B2717500300FA8F38 /* DashyApp.swift */ = {isa = PBXFileReference; lastKnownFileType = sourcecode.swift; path = DashyApp.swift; sourceTree = "<group>"; };
		C2805A8D2717500300FA8F38 /* ContentView.swift */ = {isa = PBXFileReference; lastKnownFileType = sourcecode.swift; path = ContentView.swift; sourceTree = "<group>"; };
		C2805A8F2717500400FA8F38 /* Assets.xcassets */ = {isa = PBXFileReference; lastKnownFileType = folder.assetcatalog; path = Assets.xcassets; sourceTree = "<group>"; };
		C2805A922717500400FA8F38 /* Preview Assets.xcassets */ = {isa = PBXFileReference; lastKnownFileType = folder.assetcatalog; path = "Preview Assets.xcassets"; sourceTree = "<group>"; };
		C2805A942717500400FA8F38 /* Dashy.entitlements */ = {isa = PBXFileReference; lastKnownFileType = text.plist.entitlements; path = Dashy.entitlements; sourceTree = "<group>"; };
		C2805A9D2717503200FA8F38 /* NewsModel.swift */ = {isa = PBXFileReference; lastKnownFileType = sourcecode.swift; path = NewsModel.swift; sourceTree = "<group>"; };
		C2805A9F2717503A00FA8F38 /* WeatherModel.swift */ = {isa = PBXFileReference; lastKnownFileType = sourcecode.swift; path = WeatherModel.swift; sourceTree = "<group>"; };
		C2805AA12717509800FA8F38 /* StocksModel.swift */ = {isa = PBXFileReference; lastKnownFileType = sourcecode.swift; path = StocksModel.swift; sourceTree = "<group>"; };
		C2805AA3271751A600FA8F38 /* WeatherView.swift */ = {isa = PBXFileReference; lastKnownFileType = sourcecode.swift; path = WeatherView.swift; sourceTree = "<group>"; };
		C2805AA5271751AE00FA8F38 /* StocksView.swift */ = {isa = PBXFileReference; lastKnownFileType = sourcecode.swift; path = StocksView.swift; sourceTree = "<group>"; };
		C2805AA7271751BA00FA8F38 /* NewsView.swift */ = {isa = PBXFileReference; lastKnownFileType = sourcecode.swift; path = NewsView.swift; sourceTree = "<group>"; };
		C2805AAE271754E000FA8F38 /* Formatter.swift */ = {isa = PBXFileReference; lastKnownFileType = sourcecode.swift; path = Formatter.swift; sourceTree = "<group>"; };
		C2805AB22717586900FA8F38 /* ArticleView.swift */ = {isa = PBXFileReference; lastKnownFileType = sourcecode.swift; path = ArticleView.swift; sourceTree = "<group>"; };
		C2805ABA27175A0600FA8F38 /* AsyncImage.swift */ = {isa = PBXFileReference; lastKnownFileType = sourcecode.swift; path = AsyncImage.swift; sourceTree = "<group>"; };
		C2805ABC2717605200FA8F38 /* ForecastView.swift */ = {isa = PBXFileReference; lastKnownFileType = sourcecode.swift; path = ForecastView.swift; sourceTree = "<group>"; };
		C2805ABE27176EAA00FA8F38 /* SingleStockView.swift */ = {isa = PBXFileReference; lastKnownFileType = sourcecode.swift; path = SingleStockView.swift; sourceTree = "<group>"; };
		C2805AC027177D7C00FA8F38 /* NewsViewModel.swift */ = {isa = PBXFileReference; lastKnownFileType = sourcecode.swift; path = NewsViewModel.swift; sourceTree = "<group>"; };
		C2805AC227177FF900FA8F38 /* WeatherViewModel.swift */ = {isa = PBXFileReference; lastKnownFileType = sourcecode.swift; path = WeatherViewModel.swift; sourceTree = "<group>"; };
		C2805AC42717815B00FA8F38 /* StocksViewModel.swift */ = {isa = PBXFileReference; lastKnownFileType = sourcecode.swift; path = StocksViewModel.swift; sourceTree = "<group>"; };
/* End PBXFileReference section */

/* Begin PBXFrameworksBuildPhase section */
		C2805A852717500300FA8F38 /* Frameworks */ = {
			isa = PBXFrameworksBuildPhase;
			buildActionMask = 2147483647;
			files = (
				C2805AB92717599E00FA8F38 /* SDWebImageSwiftUI in Frameworks */,
			);
			runOnlyForDeploymentPostprocessing = 0;
		};
/* End PBXFrameworksBuildPhase section */

/* Begin PBXGroup section */
		C2805A7F2717500300FA8F38 = {
			isa = PBXGroup;
			children = (
				C2805A8A2717500300FA8F38 /* Dashy */,
				C2805A892717500300FA8F38 /* Products */,
			);
			sourceTree = "<group>";
		};
		C2805A892717500300FA8F38 /* Products */ = {
			isa = PBXGroup;
			children = (
				C2805A882717500300FA8F38 /* Dashy.app */,
			);
			name = Products;
			sourceTree = "<group>";
		};
		C2805A8A2717500300FA8F38 /* Dashy */ = {
			isa = PBXGroup;
			children = (
				C2805A8B2717500300FA8F38 /* DashyApp.swift */,
				C2805A8D2717500300FA8F38 /* ContentView.swift */,
				C2805A9C2717502200FA8F38 /* Model */,
				C2805A9B2717501C00FA8F38 /* Views */,
				C2805A9A2717501700FA8F38 /* ViewModel */,
				C2805A8F2717500400FA8F38 /* Assets.xcassets */,
				C2805A942717500400FA8F38 /* Dashy.entitlements */,
				C2805A912717500400FA8F38 /* Preview Content */,
			);
			path = Dashy;
			sourceTree = "<group>";
		};
		C2805A912717500400FA8F38 /* Preview Content */ = {
			isa = PBXGroup;
			children = (
				C2805A922717500400FA8F38 /* Preview Assets.xcassets */,
			);
			path = "Preview Content";
			sourceTree = "<group>";
		};
		C2805A9A2717501700FA8F38 /* ViewModel */ = {
			isa = PBXGroup;
			children = (
				C2805AAE271754E000FA8F38 /* Formatter.swift */,
				C2805AC027177D7C00FA8F38 /* NewsViewModel.swift */,
				C2805AC227177FF900FA8F38 /* WeatherViewModel.swift */,
				C2805AC42717815B00FA8F38 /* StocksViewModel.swift */,
			);
			path = ViewModel;
			sourceTree = "<group>";
		};
		C2805A9B2717501C00FA8F38 /* Views */ = {
			isa = PBXGroup;
			children = (
				C2805AAD271751EA00FA8F38 /* NewsViews */,
				C2805AAC271751E200FA8F38 /* StocksViews */,
				C2805AAB271751CD00FA8F38 /* WeatherViews */,
				C2805AA9271751C000FA8F38 /* SharedViews */,
			);
			path = Views;
			sourceTree = "<group>";
		};
		C2805A9C2717502200FA8F38 /* Model */ = {
			isa = PBXGroup;
			children = (
				C2805A9D2717503200FA8F38 /* NewsModel.swift */,
				C2805A9F2717503A00FA8F38 /* WeatherModel.swift */,
				C2805AA12717509800FA8F38 /* StocksModel.swift */,
			);
			path = Model;
			sourceTree = "<group>";
		};
		C2805AA9271751C000FA8F38 /* SharedViews */ = {
			isa = PBXGroup;
			children = (
				C2805ABA27175A0600FA8F38 /* AsyncImage.swift */,
			);
			path = SharedViews;
			sourceTree = "<group>";
		};
		C2805AAB271751CD00FA8F38 /* WeatherViews */ = {
			isa = PBXGroup;
			children = (
				C2805AA3271751A600FA8F38 /* WeatherView.swift */,
				C2805ABC2717605200FA8F38 /* ForecastView.swift */,
			);
			path = WeatherViews;
			sourceTree = "<group>";
		};
		C2805AAC271751E200FA8F38 /* StocksViews */ = {
			isa = PBXGroup;
			children = (
				C2805AA5271751AE00FA8F38 /* StocksView.swift */,
				C2805ABE27176EAA00FA8F38 /* SingleStockView.swift */,
			);
			path = StocksViews;
			sourceTree = "<group>";
		};
		C2805AAD271751EA00FA8F38 /* NewsViews */ = {
			isa = PBXGroup;
			children = (
				C2805AA7271751BA00FA8F38 /* NewsView.swift */,
				C2805AB22717586900FA8F38 /* ArticleView.swift */,
			);
			path = NewsViews;
			sourceTree = "<group>";
		};
/* End PBXGroup section */

/* Begin PBXNativeTarget section */
		C2805A872717500300FA8F38 /* Dashy */ = {
			isa = PBXNativeTarget;
			buildConfigurationList = C2805A972717500400FA8F38 /* Build configuration list for PBXNativeTarget "Dashy" */;
			buildPhases = (
				C2805A842717500300FA8F38 /* Sources */,
				C2805A852717500300FA8F38 /* Frameworks */,
				C2805A862717500300FA8F38 /* Resources */,
			);
			buildRules = (
			);
			dependencies = (
			);
			name = Dashy;
			packageProductDependencies = (
				C2805AB82717599E00FA8F38 /* SDWebImageSwiftUI */,
			);
			productName = Dashy;
			productReference = C2805A882717500300FA8F38 /* Dashy.app */;
			productType = "com.apple.product-type.application";
		};
/* End PBXNativeTarget section */

/* Begin PBXProject section */
		C2805A802717500300FA8F38 /* Project object */ = {
			isa = PBXProject;
			attributes = {
				BuildIndependentTargetsInParallel = 1;
				LastSwiftUpdateCheck = 1300;
				LastUpgradeCheck = 1300;
				TargetAttributes = {
					C2805A872717500300FA8F38 = {
						CreatedOnToolsVersion = 13.0;
					};
				};
			};
			buildConfigurationList = C2805A832717500300FA8F38 /* Build configuration list for PBXProject "Dashy" */;
			compatibilityVersion = "Xcode 13.0";
			developmentRegion = en;
			hasScannedForEncodings = 0;
			knownRegions = (
				en,
				Base,
			);
			mainGroup = C2805A7F2717500300FA8F38;
			packageReferences = (
				C2805AB72717599E00FA8F38 /* XCRemoteSwiftPackageReference "SDWebImageSwiftUI" */,
			);
			productRefGroup = C2805A892717500300FA8F38 /* Products */;
			projectDirPath = "";
			projectRoot = "";
			targets = (
				C2805A872717500300FA8F38 /* Dashy */,
			);
		};
/* End PBXProject section */

/* Begin PBXResourcesBuildPhase section */
		C2805A862717500300FA8F38 /* Resources */ = {
			isa = PBXResourcesBuildPhase;
			buildActionMask = 2147483647;
			files = (
				C2805A932717500400FA8F38 /* Preview Assets.xcassets in Resources */,
				C2805A902717500400FA8F38 /* Assets.xcassets in Resources */,
			);
			runOnlyForDeploymentPostprocessing = 0;
		};
/* End PBXResourcesBuildPhase section */

/* Begin PBXSourcesBuildPhase section */
		C2805A842717500300FA8F38 /* Sources */ = {
			isa = PBXSourcesBuildPhase;
			buildActionMask = 2147483647;
			files = (
				C2805A9E2717503200FA8F38 /* NewsModel.swift in Sources */,
				C2805AA8271751BA00FA8F38 /* NewsView.swift in Sources */,
				C2805A8E2717500300FA8F38 /* ContentView.swift in Sources */,
				C2805AC52717815B00FA8F38 /* StocksViewModel.swift in Sources */,
				C2805AAF271754E000FA8F38 /* Formatter.swift in Sources */,
				C2805AA02717503A00FA8F38 /* WeatherModel.swift in Sources */,
				C2805ABB27175A0600FA8F38 /* AsyncImage.swift in Sources */,
				C2805AA4271751A600FA8F38 /* WeatherView.swift in Sources */,
				C2805A8C2717500300FA8F38 /* DashyApp.swift in Sources */,
				C2805AB32717586900FA8F38 /* ArticleView.swift in Sources */,
				C2805ABF27176EAA00FA8F38 /* SingleStockView.swift in Sources */,
				C2805AC327177FF900FA8F38 /* WeatherViewModel.swift in Sources */,
				C2805AA22717509800FA8F38 /* StocksModel.swift in Sources */,
				C2805AC127177D7C00FA8F38 /* NewsViewModel.swift in Sources */,
				C2805AA6271751AE00FA8F38 /* StocksView.swift in Sources */,
				C2805ABD2717605200FA8F38 /* ForecastView.swift in Sources */,
			);
			runOnlyForDeploymentPostprocessing = 0;
		};
/* End PBXSourcesBuildPhase section */

/* Begin XCBuildConfiguration section */
		C2805A952717500400FA8F38 /* Debug */ = {
			isa = XCBuildConfiguration;
			buildSettings = {
				ALWAYS_SEARCH_USER_PATHS = NO;
				CLANG_ANALYZER_NONNULL = YES;
				CLANG_ANALYZER_NUMBER_OBJECT_CONVERSION = YES_AGGRESSIVE;
				CLANG_CXX_LANGUAGE_STANDARD = "gnu++17";
				CLANG_CXX_LIBRARY = "libc++";
				CLANG_ENABLE_MODULES = YES;
				CLANG_ENABLE_OBJC_ARC = YES;
				CLANG_ENABLE_OBJC_WEAK = YES;
				CLANG_WARN_BLOCK_CAPTURE_AUTORELEASING = YES;
				CLANG_WARN_BOOL_CONVERSION = YES;
				CLANG_WARN_COMMA = YES;
				CLANG_WARN_CONSTANT_CONVERSION = YES;
				CLANG_WARN_DEPRECATED_OBJC_IMPLEMENTATIONS = YES;
				CLANG_WARN_DIRECT_OBJC_ISA_USAGE = YES_ERROR;
				CLANG_WARN_DOCUMENTATION_COMMENTS = YES;
				CLANG_WARN_EMPTY_BODY = YES;
				CLANG_WARN_ENUM_CONVERSION = YES;
				CLANG_WARN_INFINITE_RECURSION = YES;
				CLANG_WARN_INT_CONVERSION = YES;
				CLANG_WARN_NON_LITERAL_NULL_CONVERSION = YES;
				CLANG_WARN_OBJC_IMPLICIT_RETAIN_SELF = YES;
				CLANG_WARN_OBJC_LITERAL_CONVERSION = YES;
				CLANG_WARN_OBJC_ROOT_CLASS = YES_ERROR;
				CLANG_WARN_QUOTED_INCLUDE_IN_FRAMEWORK_HEADER = YES;
				CLANG_WARN_RANGE_LOOP_ANALYSIS = YES;
				CLANG_WARN_STRICT_PROTOTYPES = YES;
				CLANG_WARN_SUSPICIOUS_MOVE = YES;
				CLANG_WARN_UNGUARDED_AVAILABILITY = YES_AGGRESSIVE;
				CLANG_WARN_UNREACHABLE_CODE = YES;
				CLANG_WARN__DUPLICATE_METHOD_MATCH = YES;
				COPY_PHASE_STRIP = NO;
				DEBUG_INFORMATION_FORMAT = dwarf;
				ENABLE_STRICT_OBJC_MSGSEND = YES;
				ENABLE_TESTABILITY = YES;
				GCC_C_LANGUAGE_STANDARD = gnu11;
				GCC_DYNAMIC_NO_PIC = NO;
				GCC_NO_COMMON_BLOCKS = YES;
				GCC_OPTIMIZATION_LEVEL = 0;
				GCC_PREPROCESSOR_DEFINITIONS = (
					"DEBUG=1",
					"$(inherited)",
				);
				GCC_WARN_64_TO_32_BIT_CONVERSION = YES;
				GCC_WARN_ABOUT_RETURN_TYPE = YES_ERROR;
				GCC_WARN_UNDECLARED_SELECTOR = YES;
				GCC_WARN_UNINITIALIZED_AUTOS = YES_AGGRESSIVE;
				GCC_WARN_UNUSED_FUNCTION = YES;
				GCC_WARN_UNUSED_VARIABLE = YES;
				MACOSX_DEPLOYMENT_TARGET = 11.3;
				MTL_ENABLE_DEBUG_INFO = INCLUDE_SOURCE;
				MTL_FAST_MATH = YES;
				ONLY_ACTIVE_ARCH = YES;
				SDKROOT = macosx;
				SWIFT_ACTIVE_COMPILATION_CONDITIONS = DEBUG;
				SWIFT_OPTIMIZATION_LEVEL = "-Onone";
			};
			name = Debug;
		};
		C2805A962717500400FA8F38 /* Release */ = {
			isa = XCBuildConfiguration;
			buildSettings = {
				ALWAYS_SEARCH_USER_PATHS = NO;
				CLANG_ANALYZER_NONNULL = YES;
				CLANG_ANALYZER_NUMBER_OBJECT_CONVERSION = YES_AGGRESSIVE;
				CLANG_CXX_LANGUAGE_STANDARD = "gnu++17";
				CLANG_CXX_LIBRARY = "libc++";
				CLANG_ENABLE_MODULES = YES;
				CLANG_ENABLE_OBJC_ARC = YES;
				CLANG_ENABLE_OBJC_WEAK = YES;
				CLANG_WARN_BLOCK_CAPTURE_AUTORELEASING = YES;
				CLANG_WARN_BOOL_CONVERSION = YES;
				CLANG_WARN_COMMA = YES;
				CLANG_WARN_CONSTANT_CONVERSION = YES;
				CLANG_WARN_DEPRECATED_OBJC_IMPLEMENTATIONS = YES;
				CLANG_WARN_DIRECT_OBJC_ISA_USAGE = YES_ERROR;
				CLANG_WARN_DOCUMENTATION_COMMENTS = YES;
				CLANG_WARN_EMPTY_BODY = YES;
				CLANG_WARN_ENUM_CONVERSION = YES;
				CLANG_WARN_INFINITE_RECURSION = YES;
				CLANG_WARN_INT_CONVERSION = YES;
				CLANG_WARN_NON_LITERAL_NULL_CONVERSION = YES;
				CLANG_WARN_OBJC_IMPLICIT_RETAIN_SELF = YES;
				CLANG_WARN_OBJC_LITERAL_CONVERSION = YES;
				CLANG_WARN_OBJC_ROOT_CLASS = YES_ERROR;
				CLANG_WARN_QUOTED_INCLUDE_IN_FRAMEWORK_HEADER = YES;
				CLANG_WARN_RANGE_LOOP_ANALYSIS = YES;
				CLANG_WARN_STRICT_PROTOTYPES = YES;
				CLANG_WARN_SUSPICIOUS_MOVE = YES;
				CLANG_WARN_UNGUARDED_AVAILABILITY = YES_AGGRESSIVE;
				CLANG_WARN_UNREACHABLE_CODE = YES;
				CLANG_WARN__DUPLICATE_METHOD_MATCH = YES;
				COPY_PHASE_STRIP = NO;
				DEBUG_INFORMATION_FORMAT = "dwarf-with-dsym";
				ENABLE_NS_ASSERTIONS = NO;
				ENABLE_STRICT_OBJC_MSGSEND = YES;
				GCC_C_LANGUAGE_STANDARD = gnu11;
				GCC_NO_COMMON_BLOCKS = YES;
				GCC_WARN_64_TO_32_BIT_CONVERSION = YES;
				GCC_WARN_ABOUT_RETURN_TYPE = YES_ERROR;
				GCC_WARN_UNDECLARED_SELECTOR = YES;
				GCC_WARN_UNINITIALIZED_AUTOS = YES_AGGRESSIVE;
				GCC_WARN_UNUSED_FUNCTION = YES;
				GCC_WARN_UNUSED_VARIABLE = YES;
				MACOSX_DEPLOYMENT_TARGET = 11.3;
				MTL_ENABLE_DEBUG_INFO = NO;
				MTL_FAST_MATH = YES;
				SDKROOT = macosx;
				SWIFT_COMPILATION_MODE = wholemodule;
				SWIFT_OPTIMIZATION_LEVEL = "-O";
			};
			name = Release;
		};
		C2805A982717500400FA8F38 /* Debug */ = {
			isa = XCBuildConfiguration;
			buildSettings = {
				ASSETCATALOG_COMPILER_APPICON_NAME = AppIcon;
				ASSETCATALOG_COMPILER_GLOBAL_ACCENT_COLOR_NAME = AccentColor;
				CODE_SIGN_ENTITLEMENTS = Dashy/Dashy.entitlements;
				CODE_SIGN_STYLE = Automatic;
				COMBINE_HIDPI_IMAGES = YES;
				CURRENT_PROJECT_VERSION = 1;
				DEVELOPMENT_ASSET_PATHS = "\"Dashy/Preview Content\"";
				DEVELOPMENT_TEAM = 4538W4A79B;
				ENABLE_HARDENED_RUNTIME = YES;
				ENABLE_PREVIEWS = YES;
				GENERATE_INFOPLIST_FILE = YES;
				INFOPLIST_KEY_NSHumanReadableCopyright = "";
				LD_RUNPATH_SEARCH_PATHS = (
					"$(inherited)",
					"@executable_path/../Frameworks",
				);
				MACOSX_DEPLOYMENT_TARGET = 11.0;
				MARKETING_VERSION = 1.0;
				PRODUCT_BUNDLE_IDENTIFIER = com.aayushpokharel.opensource.Dashy;
				PRODUCT_NAME = "$(TARGET_NAME)";
				SWIFT_EMIT_LOC_STRINGS = YES;
				SWIFT_VERSION = 5.0;
			};
			name = Debug;
		};
		C2805A992717500400FA8F38 /* Release */ = {
			isa = XCBuildConfiguration;
			buildSettings = {
				ASSETCATALOG_COMPILER_APPICON_NAME = AppIcon;
				ASSETCATALOG_COMPILER_GLOBAL_ACCENT_COLOR_NAME = AccentColor;
				CODE_SIGN_ENTITLEMENTS = Dashy/Dashy.entitlements;
				CODE_SIGN_STYLE = Automatic;
				COMBINE_HIDPI_IMAGES = YES;
				CURRENT_PROJECT_VERSION = 1;
				DEVELOPMENT_ASSET_PATHS = "\"Dashy/Preview Content\"";
				DEVELOPMENT_TEAM = 4538W4A79B;
				ENABLE_HARDENED_RUNTIME = YES;
				ENABLE_PREVIEWS = YES;
				GENERATE_INFOPLIST_FILE = YES;
				INFOPLIST_KEY_NSHumanReadableCopyright = "";
				LD_RUNPATH_SEARCH_PATHS = (
					"$(inherited)",
					"@executable_path/../Frameworks",
				);
				MACOSX_DEPLOYMENT_TARGET = 11.0;
				MARKETING_VERSION = 1.0;
				PRODUCT_BUNDLE_IDENTIFIER = com.aayushpokharel.opensource.Dashy;
				PRODUCT_NAME = "$(TARGET_NAME)";
				SWIFT_EMIT_LOC_STRINGS = YES;
				SWIFT_VERSION = 5.0;
			};
			name = Release;
		};
/* End XCBuildConfiguration section */

/* Begin XCConfigurationList section */
		C2805A832717500300FA8F38 /* Build configuration list for PBXProject "Dashy" */ = {
			isa = XCConfigurationList;
			buildConfigurations = (
				C2805A952717500400FA8F38 /* Debug */,
				C2805A962717500400FA8F38 /* Release */,
			);
			defaultConfigurationIsVisible = 0;
			defaultConfigurationName = Release;
		};
		C2805A972717500400FA8F38 /* Build configuration list for PBXNativeTarget "Dashy" */ = {
			isa = XCConfigurationList;
			buildConfigurations = (
				C2805A982717500400FA8F38 /* Debug */,
				C2805A992717500400FA8F38 /* Release */,
			);
			defaultConfigurationIsVisible = 0;
			defaultConfigurationName = Release;
		};
/* End XCConfigurationList section */

/* Begin XCRemoteSwiftPackageReference section */
		C2805AB72717599E00FA8F38 /* XCRemoteSwiftPackageReference "SDWebImageSwiftUI" */ = {
			isa = XCRemoteSwiftPackageReference;
			repositoryURL = "https://github.com/SDWebImage/SDWebImageSwiftUI.git";
			requirement = {
				kind = upToNextMajorVersion;
				minimumVersion = 2.0.0;
			};
		};
/* End XCRemoteSwiftPackageReference section */

/* Begin XCSwiftPackageProductDependency section */
		C2805AB82717599E00FA8F38 /* SDWebImageSwiftUI */ = {
			isa = XCSwiftPackageProductDependency;
			package = C2805AB72717599E00FA8F38 /* XCRemoteSwiftPackageReference "SDWebImageSwiftUI" */;
			productName = SDWebImageSwiftUI;
		};
/* End XCSwiftPackageProductDependency section */
	};
	rootObject = C2805A802717500300FA8F38 /* Project object */;
}
